// !$*UTF8*$!
{
	archiveVersion = 1;
	classes = {
	};
	objectVersion = 46;
	objects = {

/* Begin PBXBuildFile section */
		CEFDE9DE1CA43F4A00A66716 /* main.cpp in Sources */ = {isa = PBXBuildFile; fileRef = CEFDE9DC1CA43F4A00A66716 /* main.cpp */; };
/* End PBXBuildFile section */

/* Begin PBXCopyFilesBuildPhase section */
		CEFDE9CD1CA43A7800A66716 /* CopyFiles */ = {
			isa = PBXCopyFilesBuildPhase;
			buildActionMask = 2147483647;
			dstPath = /usr/share/man/man1/;
			dstSubfolderSpec = 0;
			files = (
			);
			runOnlyForDeploymentPostprocessing = 1;
		};
/* End PBXCopyFilesBuildPhase section */

/* Begin PBXFileReference section */
		CEFDE9CF1CA43A7800A66716 /* Static Sort */ = {isa = PBXFileReference; explicitFileType = "compiled.mach-o.executable"; includeInIndex = 0; path = "Static Sort"; sourceTree = BUILT_PRODUCTS_DIR; };
		CEFDE9DB1CA43F4A00A66716 /* bench_6.h */ = {isa = PBXFileReference; fileEncoding = 4; lastKnownFileType = sourcecode.c.h; path = bench_6.h; sourceTree = "<group>"; };
		CEFDE9DC1CA43F4A00A66716 /* main.cpp */ = {isa = PBXFileReference; fileEncoding = 4; lastKnownFileType = sourcecode.cpp.cpp; path = main.cpp; sourceTree = "<group>"; };
		CEFDE9DD1CA43F4A00A66716 /* static_sort.h */ = {isa = PBXFileReference; fileEncoding = 4; lastKnownFileType = sourcecode.c.h; path = static_sort.h; sourceTree = "<group>"; };
		CEFDE9DF1CA452E500A66716 /* bench_n.h */ = {isa = PBXFileReference; lastKnownFileType = sourcecode.c.h; path = bench_n.h; sourceTree = "<group>"; };
		CEFDE9E01CA465F300A66716 /* timer.h */ = {isa = PBXFileReference; lastKnownFileType = sourcecode.c.h; path = timer.h; sourceTree = "<group>"; };
		CEFDE9E11CA47EC500A66716 /* bench_10.h */ = {isa = PBXFileReference; lastKnownFileType = sourcecode.c.h; path = bench_10.h; sourceTree = "<group>"; };
/* End PBXFileReference section */

/* Begin PBXFrameworksBuildPhase section */
		CEFDE9CC1CA43A7800A66716 /* Frameworks */ = {
			isa = PBXFrameworksBuildPhase;
			buildActionMask = 2147483647;
			files = (
			);
			runOnlyForDeploymentPostprocessing = 0;
		};
/* End PBXFrameworksBuildPhase section */

/* Begin PBXGroup section */
		CEFDE9C61CA43A7800A66716 = {
			isa = PBXGroup;
			children = (
				CEFDE9DB1CA43F4A00A66716 /* bench_6.h */,
				CEFDE9DF1CA452E500A66716 /* bench_n.h */,
				CEFDE9E11CA47EC500A66716 /* bench_10.h */,
				CEFDE9E01CA465F300A66716 /* timer.h */,
				CEFDE9DC1CA43F4A00A66716 /* main.cpp */,
				CEFDE9DD1CA43F4A00A66716 /* static_sort.h */,
				CEFDE9D01CA43A7800A66716 /* Products */,
			);
			sourceTree = "<group>";
		};
		CEFDE9D01CA43A7800A66716 /* Products */ = {
			isa = PBXGroup;
			children = (
				CEFDE9CF1CA43A7800A66716 /* Static Sort */,
			);
			name = Products;
			sourceTree = "<group>";
		};
/* End PBXGroup section */

/* Begin PBXNativeTarget section */
		CEFDE9CE1CA43A7800A66716 /* Static Sort */ = {
			isa = PBXNativeTarget;
			buildConfigurationList = CEFDE9D61CA43A7800A66716 /* Build configuration list for PBXNativeTarget "Static Sort" */;
			buildPhases = (
				CEFDE9CB1CA43A7800A66716 /* Sources */,
				CEFDE9CC1CA43A7800A66716 /* Frameworks */,
				CEFDE9CD1CA43A7800A66716 /* CopyFiles */,
			);
			buildRules = (
			);
			dependencies = (
			);
			name = "Static Sort";
			productName = "Static Sort";
			productReference = CEFDE9CF1CA43A7800A66716 /* Static Sort */;
			productType = "com.apple.product-type.tool";
		};
/* End PBXNativeTarget section */

/* Begin PBXProject section */
		CEFDE9C71CA43A7800A66716 /* Project object */ = {
			isa = PBXProject;
			attributes = {
				LastUpgradeCheck = 0710;
				ORGANIZATIONNAME = GnV;
				TargetAttributes = {
					CEFDE9CE1CA43A7800A66716 = {
						CreatedOnToolsVersion = 7.1;
					};
				};
			};
			buildConfigurationList = CEFDE9CA1CA43A7800A66716 /* Build configuration list for PBXProject "Static Sort" */;
			compatibilityVersion = "Xcode 3.2";
			developmentRegion = English;
			hasScannedForEncodings = 0;
			knownRegions = (
				en,
			);
			mainGroup = CEFDE9C61CA43A7800A66716;
			productRefGroup = CEFDE9D01CA43A7800A66716 /* Products */;
			projectDirPath = "";
			projectRoot = "";
			targets = (
				CEFDE9CE1CA43A7800A66716 /* Static Sort */,
			);
		};
/* End PBXProject section */

/* Begin PBXSourcesBuildPhase section */
		CEFDE9CB1CA43A7800A66716 /* Sources */ = {
			isa = PBXSourcesBuildPhase;
			buildActionMask = 2147483647;
			files = (
				CEFDE9DE1CA43F4A00A66716 /* main.cpp in Sources */,
			);
			runOnlyForDeploymentPostprocessing = 0;
		};
/* End PBXSourcesBuildPhase section */

/* Begin XCBuildConfiguration section */
		CEFDE9D41CA43A7800A66716 /* Debug */ = {
			isa = XCBuildConfiguration;
			buildSettings = {
				ALWAYS_SEARCH_USER_PATHS = NO;
				CLANG_CXX_LANGUAGE_STANDARD = "gnu++0x";
				CLANG_CXX_LIBRARY = "libc++";
				CLANG_ENABLE_MODULES = YES;
				CLANG_ENABLE_OBJC_ARC = YES;
				CLANG_WARN_BOOL_CONVERSION = YES;
				CLANG_WARN_CONSTANT_CONVERSION = YES;
				CLANG_WARN_DIRECT_OBJC_ISA_USAGE = YES_ERROR;
				CLANG_WARN_EMPTY_BODY = YES;
				CLANG_WARN_ENUM_CONVERSION = YES;
				CLANG_WARN_INT_CONVERSION = YES;
				CLANG_WARN_OBJC_ROOT_CLASS = YES_ERROR;
				CLANG_WARN_UNREACHABLE_CODE = YES;
				CLANG_WARN__DUPLICATE_METHOD_MATCH = YES;
				CODE_SIGN_IDENTITY = "-";
				COPY_PHASE_STRIP = NO;
				DEBUG_INFORMATION_FORMAT = dwarf;
				ENABLE_STRICT_OBJC_MSGSEND = YES;
				ENABLE_TESTABILITY = YES;
				GCC_C_LANGUAGE_STANDARD = gnu99;
				GCC_DYNAMIC_NO_PIC = NO;
				GCC_NO_COMMON_BLOCKS = YES;
				GCC_OPTIMIZATION_LEVEL = 3;
				GCC_PREPROCESSOR_DEFINITIONS = (
					"DEBUG=1",
					"$(inherited)",
				);
				GCC_VERSION = "";
				GCC_WARN_64_TO_32_BIT_CONVERSION = YES;
				GCC_WARN_ABOUT_RETURN_TYPE = YES_ERROR;
				GCC_WARN_UNDECLARED_SELECTOR = YES;
				GCC_WARN_UNINITIALIZED_AUTOS = YES_AGGRESSIVE;
				GCC_WARN_UNUSED_FUNCTION = YES;
				GCC_WARN_UNUSED_VARIABLE = YES;
				MACOSX_DEPLOYMENT_TARGET = 10.10;
				MTL_ENABLE_DEBUG_INFO = YES;
				ONLY_ACTIVE_ARCH = YES;
				SDKROOT = macosx;
			};
			name = Debug;
		};
		CEFDE9D51CA43A7800A66716 /* Release */ = {
			isa = XCBuildConfiguration;
			buildSettings = {
				ALWAYS_SEARCH_USER_PATHS = NO;
				CLANG_CXX_LANGUAGE_STANDARD = "gnu++0x";
				CLANG_CXX_LIBRARY = "libc++";
				CLANG_ENABLE_MODULES = YES;
				CLANG_ENABLE_OBJC_ARC = YES;
				CLANG_WARN_BOOL_CONVERSION = YES;
				CLANG_WARN_CONSTANT_CONVERSION = YES;
				CLANG_WARN_DIRECT_OBJC_ISA_USAGE = YES_ERROR;
				CLANG_WARN_EMPTY_BODY = YES;
				CLANG_WARN_ENUM_CONVERSION = YES;
				CLANG_WARN_INT_CONVERSION = YES;
				CLANG_WARN_OBJC_ROOT_CLASS = YES_ERROR;
				CLANG_WARN_UNREACHABLE_CODE = YES;
				CLANG_WARN__DUPLICATE_METHOD_MATCH = YES;
				CODE_SIGN_IDENTITY = "-";
				COPY_PHASE_STRIP = NO;
				DEBUG_INFORMATION_FORMAT = "dwarf-with-dsym";
				ENABLE_NS_ASSERTIONS = NO;
				ENABLE_STRICT_OBJC_MSGSEND = YES;
				GCC_C_LANGUAGE_STANDARD = gnu99;
				GCC_NO_COMMON_BLOCKS = YES;
				GCC_OPTIMIZATION_LEVEL = 3;
				GCC_VERSION = "";
				GCC_WARN_64_TO_32_BIT_CONVERSION = YES;
				GCC_WARN_ABOUT_RETURN_TYPE = YES_ERROR;
				GCC_WARN_UNDECLARED_SELECTOR = YES;
				GCC_WARN_UNINITIALIZED_AUTOS = YES_AGGRESSIVE;
				GCC_WARN_UNUSED_FUNCTION = YES;
				GCC_WARN_UNUSED_VARIABLE = YES;
				MACOSX_DEPLOYMENT_TARGET = 10.10;
				MTL_ENABLE_DEBUG_INFO = NO;
				SDKROOT = macosx;
			};
			name = Release;
		};
		CEFDE9D71CA43A7800A66716 /* Debug */ = {
			isa = XCBuildConfiguration;
			buildSettings = {
				GCC_GENERATE_DEBUGGING_SYMBOLS = NO;
				GCC_OPTIMIZATION_LEVEL = 3;
				PRODUCT_NAME = "$(TARGET_NAME)";
			};
			name = Debug;
		};
		CEFDE9D81CA43A7800A66716 /* Release */ = {
			isa = XCBuildConfiguration;
			buildSettings = {
				GCC_GENERATE_DEBUGGING_SYMBOLS = NO;
				GCC_OPTIMIZATION_LEVEL = 3;
				PRODUCT_NAME = "$(TARGET_NAME)";
			};
			name = Release;
		};
/* End XCBuildConfiguration section */

/* Begin XCConfigurationList section */
		CEFDE9CA1CA43A7800A66716 /* Build configuration list for PBXProject "Static Sort" */ = {
			isa = XCConfigurationList;
			buildConfigurations = (
				CEFDE9D41CA43A7800A66716 /* Debug */,
				CEFDE9D51CA43A7800A66716 /* Release */,
			);
			defaultConfigurationIsVisible = 0;
			defaultConfigurationName = Release;
		};
		CEFDE9D61CA43A7800A66716 /* Build configuration list for PBXNativeTarget "Static Sort" */ = {
			isa = XCConfigurationList;
			buildConfigurations = (
				CEFDE9D71CA43A7800A66716 /* Debug */,
				CEFDE9D81CA43A7800A66716 /* Release */,
			);
			defaultConfigurationIsVisible = 0;
			defaultConfigurationName = Release;
		};
/* End XCConfigurationList section */
	};
	rootObject = CEFDE9C71CA43A7800A66716 /* Project object */;
}
